
Microsoft Visual Studio Solution File, Format Version 12.00
# Visual Studio Version 17
VisualStudioVersion = 17.3.32804.467
MinimumVisualStudioVersion = 10.0.40219.1
Project("{8BC9CEB8-8B4A-11D0-8D11-00A0C91BC942}") = "Test", "Test.vcxproj", "{50BA4813-95A5-419C-9C64-11DD743ED15E}"
EndProject
Project("{8BC9CEB8-8B4A-11D0-8D11-00A0C91BC942}") = "NT_Driver_WaitingTest", "..\NT_Driver_WaitingTest\NT_Driver_WaitingTest.vcxproj", "{05AD7AB7-E850-4D2C-AB4C-0AD199082A8F}"
EndProject
Global
	GlobalSection(SolutionConfigurationPlatforms) = preSolution
		Debug|ARM64 = Debug|ARM64
		Debug|x64 = Debug|x64
		Debug|x86 = Debug|x86
		Release|ARM64 = Release|ARM64
		Release|x64 = Release|x64
		Release|x86 = Release|x86
	EndGlobalSection
	GlobalSection(ProjectConfigurationPlatforms) = postSolution
		{50BA4813-95A5-419C-9C64-11DD743ED15E}.Debug|ARM64.ActiveCfg = Debug|x64
		{50BA4813-95A5-419C-9C64-11DD743ED15E}.Debug|ARM64.Build.0 = Debug|x64
		{50BA4813-95A5-419C-9C64-11DD743ED15E}.Debug|x64.ActiveCfg = Debug|x64
		{50BA4813-95A5-419C-9C64-11DD743ED15E}.Debug|x64.Build.0 = Debug|x64
		{50BA4813-95A5-419C-9C64-11DD743ED15E}.Debug|x86.ActiveCfg = Debug|Win32
		{50BA4813-95A5-419C-9C64-11DD743ED15E}.Debug|x86.Build.0 = Debug|Win32
		{50BA4813-95A5-419C-9C64-11DD743ED15E}.Release|ARM64.ActiveCfg = Release|x64
		{50BA4813-95A5-419C-9C64-11DD743ED15E}.Release|ARM64.Build.0 = Release|x64
		{50BA4813-95A5-419C-9C64-11DD743ED15E}.Release|x64.ActiveCfg = Release|x64
		{50BA4813-95A5-419C-9C64-11DD743ED15E}.Release|x64.Build.0 = Release|x64
		{50BA4813-95A5-419C-9C64-11DD743ED15E}.Release|x86.ActiveCfg = Release|Win32
		{50BA4813-95A5-419C-9C64-11DD743ED15E}.Release|x86.Build.0 = Release|Win32
		{05AD7AB7-E850-4D2C-AB4C-0AD199082A8F}.Debug|ARM64.ActiveCfg = Debug|ARM64
		{05AD7AB7-E850-4D2C-AB4C-0AD199082A8F}.Debug|ARM64.Build.0 = Debug|ARM64
		{05AD7AB7-E850-4D2C-AB4C-0AD199082A8F}.Debug|ARM64.Deploy.0 = Debug|ARM64
		{05AD7AB7-E850-4D2C-AB4C-0AD199082A8F}.Debug|x64.ActiveCfg = Debug|x64
		{05AD7AB7-E850-4D2C-AB4C-0AD199082A8F}.Debug|x64.Build.0 = Debug|x64
		{05AD7AB7-E850-4D2C-AB4C-0AD199082A8F}.Debug|x64.Deploy.0 = Debug|x64
		{05AD7AB7-E850-4D2C-AB4C-0AD199082A8F}.Debug|x86.ActiveCfg = Debug|x64
		{05AD7AB7-E850-4D2C-AB4C-0AD199082A8F}.Debug|x86.Build.0 = Debug|x64
		{05AD7AB7-E850-4D2C-AB4C-0AD199082A8F}.Debug|x86.Deploy.0 = Debug|x64
		{05AD7AB7-E850-4D2C-AB4C-0AD199082A8F}.Release|ARM64.ActiveCfg = Release|ARM64
		{05AD7AB7-E850-4D2C-AB4C-0AD199082A8F}.Release|ARM64.Build.0 = Release|ARM64
		{05AD7AB7-E850-4D2C-AB4C-0AD199082A8F}.Release|ARM64.Deploy.0 = Release|ARM64
		{05AD7AB7-E850-4D2C-AB4C-0AD199082A8F}.Release|x64.ActiveCfg = Release|x64
		{05AD7AB7-E850-4D2C-AB4C-0AD199082A8F}.Release|x64.Build.0 = Release|x64
		{05AD7AB7-E850-4D2C-AB4C-0AD199082A8F}.Release|x64.Deploy.0 = Release|x64
		{05AD7AB7-E850-4D2C-AB4C-0AD199082A8F}.Release|x86.ActiveCfg = Release|x64
		{05AD7AB7-E850-4D2C-AB4C-0AD199082A8F}.Release|x86.Build.0 = Release|x64
		{05AD7AB7-E850-4D2C-AB4C-0AD199082A8F}.Release|x86.Deploy.0 = Release|x64
	EndGlobalSection
	GlobalSection(SolutionProperties) = preSolution
		HideSolutionNode = FALSE
	EndGlobalSection
	GlobalSection(ExtensibilityGlobals) = postSolution
		SolutionGuid = {42603D2F-5CA8-4346-964E-6689BAB11390}
	EndGlobalSection
EndGlobal
