
Microsoft Visual Studio Solution File, Format Version 12.00
# Visual Studio Version 17
VisualStudioVersion = 17.3.32804.467
MinimumVisualStudioVersion = 10.0.40219.1
Project("{8BC9CEB8-8B4A-11D0-8D11-00A0C91BC942}") = "PendingIRPTest", "PendingIRPTest.vcxproj", "{889A2FCE-2BD2-4F11-94F2-F4CD959C9F88}"
EndProject
Project("{8BC9CEB8-8B4A-11D0-8D11-00A0C91BC942}") = "Test", "Test\Test.vcxproj", "{4EFEA418-2703-4A78-A59B-A34739049CFB}"
EndProject
Global
	GlobalSection(SolutionConfigurationPlatforms) = preSolution
		Debug|ARM64 = Debug|ARM64
		Debug|x64 = Debug|x64
		Debug|x86 = Debug|x86
		Release|ARM64 = Release|ARM64
		Release|x64 = Release|x64
		Release|x86 = Release|x86
	EndGlobalSection
	GlobalSection(ProjectConfigurationPlatforms) = postSolution
		{889A2FCE-2BD2-4F11-94F2-F4CD959C9F88}.Debug|ARM64.ActiveCfg = Debug|ARM64
		{889A2FCE-2BD2-4F11-94F2-F4CD959C9F88}.Debug|ARM64.Build.0 = Debug|ARM64
		{889A2FCE-2BD2-4F11-94F2-F4CD959C9F88}.Debug|ARM64.Deploy.0 = Debug|ARM64
		{889A2FCE-2BD2-4F11-94F2-F4CD959C9F88}.Debug|x64.ActiveCfg = Debug|x64
		{889A2FCE-2BD2-4F11-94F2-F4CD959C9F88}.Debug|x64.Build.0 = Debug|x64
		{889A2FCE-2BD2-4F11-94F2-F4CD959C9F88}.Debug|x64.Deploy.0 = Debug|x64
		{889A2FCE-2BD2-4F11-94F2-F4CD959C9F88}.Debug|x86.ActiveCfg = Debug|x64
		{889A2FCE-2BD2-4F11-94F2-F4CD959C9F88}.Debug|x86.Build.0 = Debug|x64
		{889A2FCE-2BD2-4F11-94F2-F4CD959C9F88}.Debug|x86.Deploy.0 = Debug|x64
		{889A2FCE-2BD2-4F11-94F2-F4CD959C9F88}.Release|ARM64.ActiveCfg = Release|ARM64
		{889A2FCE-2BD2-4F11-94F2-F4CD959C9F88}.Release|ARM64.Build.0 = Release|ARM64
		{889A2FCE-2BD2-4F11-94F2-F4CD959C9F88}.Release|ARM64.Deploy.0 = Release|ARM64
		{889A2FCE-2BD2-4F11-94F2-F4CD959C9F88}.Release|x64.ActiveCfg = Release|x64
		{889A2FCE-2BD2-4F11-94F2-F4CD959C9F88}.Release|x64.Build.0 = Release|x64
		{889A2FCE-2BD2-4F11-94F2-F4CD959C9F88}.Release|x64.Deploy.0 = Release|x64
		{889A2FCE-2BD2-4F11-94F2-F4CD959C9F88}.Release|x86.ActiveCfg = Release|x64
		{889A2FCE-2BD2-4F11-94F2-F4CD959C9F88}.Release|x86.Build.0 = Release|x64
		{889A2FCE-2BD2-4F11-94F2-F4CD959C9F88}.Release|x86.Deploy.0 = Release|x64
		{4EFEA418-2703-4A78-A59B-A34739049CFB}.Debug|ARM64.ActiveCfg = Debug|x64
		{4EFEA418-2703-4A78-A59B-A34739049CFB}.Debug|ARM64.Build.0 = Debug|x64
		{4EFEA418-2703-4A78-A59B-A34739049CFB}.Debug|x64.ActiveCfg = Debug|x64
		{4EFEA418-2703-4A78-A59B-A34739049CFB}.Debug|x64.Build.0 = Debug|x64
		{4EFEA418-2703-4A78-A59B-A34739049CFB}.Debug|x86.ActiveCfg = Debug|Win32
		{4EFEA418-2703-4A78-A59B-A34739049CFB}.Debug|x86.Build.0 = Debug|Win32
		{4EFEA418-2703-4A78-A59B-A34739049CFB}.Release|ARM64.ActiveCfg = Release|x64
		{4EFEA418-2703-4A78-A59B-A34739049CFB}.Release|ARM64.Build.0 = Release|x64
		{4EFEA418-2703-4A78-A59B-A34739049CFB}.Release|x64.ActiveCfg = Release|x64
		{4EFEA418-2703-4A78-A59B-A34739049CFB}.Release|x64.Build.0 = Release|x64
		{4EFEA418-2703-4A78-A59B-A34739049CFB}.Release|x86.ActiveCfg = Release|Win32
		{4EFEA418-2703-4A78-A59B-A34739049CFB}.Release|x86.Build.0 = Release|Win32
	EndGlobalSection
	GlobalSection(SolutionProperties) = preSolution
		HideSolutionNode = FALSE
	EndGlobalSection
	GlobalSection(ExtensibilityGlobals) = postSolution
		SolutionGuid = {96A6D26F-A64F-4393-A6F8-5186B8564992}
	EndGlobalSection
EndGlobal
